
Microsoft Visual Studio Solution File, Format Version 12.00
# Visual Studio Version 16
VisualStudioVersion = 16.0.32428.217
MinimumVisualStudioVersion = 10.0.40219.1
Project("{FAE04EC0-301F-11D3-BF4B-00C04F79EFBC}") = "P129Mentor", "P129Mentor\P129Mentor.csproj", "{95FF4415-E6A1-4DDF-9D0A-981F6FC69850}"
EndProject
Global
	GlobalSection(SolutionConfigurationPlatforms) = preSolution
		Debug|Any CPU = Debug|Any CPU
		Release|Any CPU = Release|Any CPU
	EndGlobalSection
	GlobalSection(ProjectConfigurationPlatforms) = postSolution
		{95FF4415-E6A1-4DDF-9D0A-981F6FC69850}.Debug|Any CPU.ActiveCfg = Debug|Any CPU
		{95FF4415-E6A1-4DDF-9D0A-981F6FC69850}.Debug|Any CPU.Build.0 = Debug|Any CPU
		{95FF4415-E6A1-4DDF-9D0A-981F6FC69850}.Release|Any CPU.ActiveCfg = Release|Any CPU
		{95FF4415-E6A1-4DDF-9D0A-981F6FC69850}.Release|Any CPU.Build.0 = Release|Any CPU
	EndGlobalSection
	GlobalSection(SolutionProperties) = preSolution
		HideSolutionNode = FALSE
	EndGlobalSection
	GlobalSection(ExtensibilityGlobals) = postSolution
		SolutionGuid = {E57A2779-794F-4B7C-95DA-D945ECB07976}
	EndGlobalSection
EndGlobal
